// !$*UTF8*$!
{
	archiveVersion = 1;
	classes = {
	};
	objectVersion = 46;
	objects = {

/* Begin PBXBuildFile section */
		F58B8C8C1F6FAA8500C19758 /* main.m in Sources */ = {isa = PBXBuildFile; fileRef = F58B8C8B1F6FAA8500C19758 /* main.m */; };
		F58B8C8F1F6FAA8500C19758 /* AppDelegate.m in Sources */ = {isa = PBXBuildFile; fileRef = F58B8C8E1F6FAA8500C19758 /* AppDelegate.m */; };
		F58B8C921F6FAA8500C19758 /* ViewController.m in Sources */ = {isa = PBXBuildFile; fileRef = F58B8C911F6FAA8500C19758 /* ViewController.m */; };
		F58B8C951F6FAA8500C19758 /* Main.storyboard in Resources */ = {isa = PBXBuildFile; fileRef = F58B8C931F6FAA8500C19758 /* Main.storyboard */; };
		F58B8C971F6FAA8500C19758 /* Assets.xcassets in Resources */ = {isa = PBXBuildFile; fileRef = F58B8C961F6FAA8500C19758 /* Assets.xcassets */; };
		F58B8C9A1F6FAA8500C19758 /* LaunchScreen.storyboard in Resources */ = {isa = PBXBuildFile; fileRef = F58B8C981F6FAA8500C19758 /* LaunchScreen.storyboard */; };
		F58B8CAC1F6FC38A00C19758 /* DDButton.m in Sources */ = {isa = PBXBuildFile; fileRef = F58B8CA91F6FC38A00C19758 /* DDButton.m */; };
		F58B8CAD1F6FC38A00C19758 /* UIButton+Layout.m in Sources */ = {isa = PBXBuildFile; fileRef = F58B8CAB1F6FC38A00C19758 /* UIButton+Layout.m */; };
/* End PBXBuildFile section */

/* Begin PBXFileReference section */
		F58B8C871F6FAA8500C19758 /* DDButton.app */ = {isa = PBXFileReference; explicitFileType = wrapper.application; includeInIndex = 0; path = DDButton.app; sourceTree = BUILT_PRODUCTS_DIR; };
		F58B8C8B1F6FAA8500C19758 /* main.m */ = {isa = PBXFileReference; lastKnownFileType = sourcecode.c.objc; path = main.m; sourceTree = "<group>"; };
		F58B8C8D1F6FAA8500C19758 /* AppDelegate.h */ = {isa = PBXFileReference; lastKnownFileType = sourcecode.c.h; path = AppDelegate.h; sourceTree = "<group>"; };
		F58B8C8E1F6FAA8500C19758 /* AppDelegate.m */ = {isa = PBXFileReference; lastKnownFileType = sourcecode.c.objc; path = AppDelegate.m; sourceTree = "<group>"; };
		F58B8C901F6FAA8500C19758 /* ViewController.h */ = {isa = PBXFileReference; lastKnownFileType = sourcecode.c.h; path = ViewController.h; sourceTree = "<group>"; };
		F58B8C911F6FAA8500C19758 /* ViewController.m */ = {isa = PBXFileReference; lastKnownFileType = sourcecode.c.objc; path = ViewController.m; sourceTree = "<group>"; };
		F58B8C941F6FAA8500C19758 /* Base */ = {isa = PBXFileReference; lastKnownFileType = file.storyboard; name = Base; path = Base.lproj/Main.storyboard; sourceTree = "<group>"; };
		F58B8C961F6FAA8500C19758 /* Assets.xcassets */ = {isa = PBXFileReference; lastKnownFileType = folder.assetcatalog; path = Assets.xcassets; sourceTree = "<group>"; };
		F58B8C991F6FAA8500C19758 /* Base */ = {isa = PBXFileReference; lastKnownFileType = file.storyboard; name = Base; path = Base.lproj/LaunchScreen.storyboard; sourceTree = "<group>"; };
		F58B8C9B1F6FAA8500C19758 /* Info.plist */ = {isa = PBXFileReference; lastKnownFileType = text.plist.xml; path = Info.plist; sourceTree = "<group>"; };
		F58B8CA81F6FC38A00C19758 /* DDButton.h */ = {isa = PBXFileReference; fileEncoding = 4; lastKnownFileType = sourcecode.c.h; path = DDButton.h; sourceTree = "<group>"; };
		F58B8CA91F6FC38A00C19758 /* DDButton.m */ = {isa = PBXFileReference; fileEncoding = 4; lastKnownFileType = sourcecode.c.objc; path = DDButton.m; sourceTree = "<group>"; };
		F58B8CAA1F6FC38A00C19758 /* UIButton+Layout.h */ = {isa = PBXFileReference; fileEncoding = 4; lastKnownFileType = sourcecode.c.h; path = "UIButton+Layout.h"; sourceTree = "<group>"; };
		F58B8CAB1F6FC38A00C19758 /* UIButton+Layout.m */ = {isa = PBXFileReference; fileEncoding = 4; lastKnownFileType = sourcecode.c.objc; path = "UIButton+Layout.m"; sourceTree = "<group>"; };
/* End PBXFileReference section */

/* Begin PBXFrameworksBuildPhase section */
		F58B8C841F6FAA8500C19758 /* Frameworks */ = {
			isa = PBXFrameworksBuildPhase;
			buildActionMask = 2147483647;
			files = (
			);
			runOnlyForDeploymentPostprocessing = 0;
		};
/* End PBXFrameworksBuildPhase section */

/* Begin PBXGroup section */
		F58B8C7E1F6FAA8500C19758 = {
			isa = PBXGroup;
			children = (
				F58B8C891F6FAA8500C19758 /* DDButton */,
				F58B8C881F6FAA8500C19758 /* Products */,
			);
			sourceTree = "<group>";
		};
		F58B8C881F6FAA8500C19758 /* Products */ = {
			isa = PBXGroup;
			children = (
				F58B8C871F6FAA8500C19758 /* DDButton.app */,
			);
			name = Products;
			sourceTree = "<group>";
		};
		F58B8C891F6FAA8500C19758 /* DDButton */ = {
			isa = PBXGroup;
			children = (
				F58B8CA71F6FC38A00C19758 /* DDButton */,
				F58B8C8D1F6FAA8500C19758 /* AppDelegate.h */,
				F58B8C8E1F6FAA8500C19758 /* AppDelegate.m */,
				F58B8C901F6FAA8500C19758 /* ViewController.h */,
				F58B8C911F6FAA8500C19758 /* ViewController.m */,
				F58B8C931F6FAA8500C19758 /* Main.storyboard */,
				F58B8C961F6FAA8500C19758 /* Assets.xcassets */,
				F58B8C981F6FAA8500C19758 /* LaunchScreen.storyboard */,
				F58B8C9B1F6FAA8500C19758 /* Info.plist */,
				F58B8C8A1F6FAA8500C19758 /* Supporting Files */,
			);
			path = DDButton;
			sourceTree = "<group>";
		};
		F58B8C8A1F6FAA8500C19758 /* Supporting Files */ = {
			isa = PBXGroup;
			children = (
				F58B8C8B1F6FAA8500C19758 /* main.m */,
			);
			name = "Supporting Files";
			sourceTree = "<group>";
		};
		F58B8CA71F6FC38A00C19758 /* DDButton */ = {
			isa = PBXGroup;
			children = (
				F58B8CA81F6FC38A00C19758 /* DDButton.h */,
				F58B8CA91F6FC38A00C19758 /* DDButton.m */,
				F58B8CAA1F6FC38A00C19758 /* UIButton+Layout.h */,
				F58B8CAB1F6FC38A00C19758 /* UIButton+Layout.m */,
			);
			path = DDButton;
			sourceTree = "<group>";
		};
/* End PBXGroup section */

/* Begin PBXNativeTarget section */
		F58B8C861F6FAA8500C19758 /* DDButton */ = {
			isa = PBXNativeTarget;
			buildConfigurationList = F58B8C9E1F6FAA8500C19758 /* Build configuration list for PBXNativeTarget "DDButton" */;
			buildPhases = (
				F58B8C831F6FAA8500C19758 /* Sources */,
				F58B8C841F6FAA8500C19758 /* Frameworks */,
				F58B8C851F6FAA8500C19758 /* Resources */,
			);
			buildRules = (
			);
			dependencies = (
			);
			name = DDButton;
			productName = DDButton;
			productReference = F58B8C871F6FAA8500C19758 /* DDButton.app */;
			productType = "com.apple.product-type.application";
		};
/* End PBXNativeTarget section */

/* Begin PBXProject section */
		F58B8C7F1F6FAA8500C19758 /* Project object */ = {
			isa = PBXProject;
			attributes = {
				LastUpgradeCheck = 0830;
				ORGANIZATIONNAME = Think;
				TargetAttributes = {
					F58B8C861F6FAA8500C19758 = {
						CreatedOnToolsVersion = 8.3.2;
						DevelopmentTeam = Q9NEX3YUQC;
						ProvisioningStyle = Automatic;
					};
				};
			};
			buildConfigurationList = F58B8C821F6FAA8500C19758 /* Build configuration list for PBXProject "DDButton" */;
			compatibilityVersion = "Xcode 3.2";
			developmentRegion = English;
			hasScannedForEncodings = 0;
			knownRegions = (
				en,
				Base,
			);
			mainGroup = F58B8C7E1F6FAA8500C19758;
			productRefGroup = F58B8C881F6FAA8500C19758 /* Products */;
			projectDirPath = "";
			projectRoot = "";
			targets = (
				F58B8C861F6FAA8500C19758 /* DDButton */,
			);
		};
/* End PBXProject section */

/* Begin PBXResourcesBuildPhase section */
		F58B8C851F6FAA8500C19758 /* Resources */ = {
			isa = PBXResourcesBuildPhase;
			buildActionMask = 2147483647;
			files = (
				F58B8C9A1F6FAA8500C19758 /* LaunchScreen.storyboard in Resources */,
				F58B8C971F6FAA8500C19758 /* Assets.xcassets in Resources */,
				F58B8C951F6FAA8500C19758 /* Main.storyboard in Resources */,
			);
			runOnlyForDeploymentPostprocessing = 0;
		};
/* End PBXResourcesBuildPhase section */

/* Begin PBXSourcesBuildPhase section */
		F58B8C831F6FAA8500C19758 /* Sources */ = {
			isa = PBXSourcesBuildPhase;
			buildActionMask = 2147483647;
			files = (
				F58B8C921F6FAA8500C19758 /* ViewController.m in Sources */,
				F58B8C8F1F6FAA8500C19758 /* AppDelegate.m in Sources */,
				F58B8CAD1F6FC38A00C19758 /* UIButton+Layout.m in Sources */,
				F58B8CAC1F6FC38A00C19758 /* DDButton.m in Sources */,
				F58B8C8C1F6FAA8500C19758 /* main.m in Sources */,
			);
			runOnlyForDeploymentPostprocessing = 0;
		};
/* End PBXSourcesBuildPhase section */

/* Begin PBXVariantGroup section */
		F58B8C931F6FAA8500C19758 /* Main.storyboard */ = {
			isa = PBXVariantGroup;
			children = (
				F58B8C941F6FAA8500C19758 /* Base */,
			);
			name = Main.storyboard;
			sourceTree = "<group>";
		};
		F58B8C981F6FAA8500C19758 /* LaunchScreen.storyboard */ = {
			isa = PBXVariantGroup;
			children = (
				F58B8C991F6FAA8500C19758 /* Base */,
			);
			name = LaunchScreen.storyboard;
			sourceTree = "<group>";
		};
/* End PBXVariantGroup section */

/* Begin XCBuildConfiguration section */
		F58B8C9C1F6FAA8500C19758 /* Debug */ = {
			isa = XCBuildConfiguration;
			buildSettings = {
				ALWAYS_SEARCH_USER_PATHS = NO;
				CLANG_ANALYZER_NONNULL = YES;
				CLANG_ANALYZER_NUMBER_OBJECT_CONVERSION = YES_AGGRESSIVE;
				CLANG_CXX_LANGUAGE_STANDARD = "gnu++0x";
				CLANG_CXX_LIBRARY = "libc++";
				CLANG_ENABLE_MODULES = YES;
				CLANG_ENABLE_OBJC_ARC = YES;
				CLANG_WARN_BOOL_CONVERSION = YES;
				CLANG_WARN_CONSTANT_CONVERSION = YES;
				CLANG_WARN_DIRECT_OBJC_ISA_USAGE = YES_ERROR;
				CLANG_WARN_DOCUMENTATION_COMMENTS = YES;
				CLANG_WARN_EMPTY_BODY = YES;
				CLANG_WARN_ENUM_CONVERSION = YES;
				CLANG_WARN_INFINITE_RECURSION = YES;
				CLANG_WARN_INT_CONVERSION = YES;
				CLANG_WARN_OBJC_ROOT_CLASS = YES_ERROR;
				CLANG_WARN_SUSPICIOUS_MOVE = YES;
				CLANG_WARN_UNREACHABLE_CODE = YES;
				CLANG_WARN__DUPLICATE_METHOD_MATCH = YES;
				"CODE_SIGN_IDENTITY[sdk=iphoneos*]" = "iPhone Developer";
				COPY_PHASE_STRIP = NO;
				DEBUG_INFORMATION_FORMAT = dwarf;
				ENABLE_STRICT_OBJC_MSGSEND = YES;
				ENABLE_TESTABILITY = YES;
				GCC_C_LANGUAGE_STANDARD = gnu99;
				GCC_DYNAMIC_NO_PIC = NO;
				GCC_NO_COMMON_BLOCKS = YES;
				GCC_OPTIMIZATION_LEVEL = 0;
				GCC_PREPROCESSOR_DEFINITIONS = (
					"DEBUG=1",
					"$(inherited)",
				);
				GCC_WARN_64_TO_32_BIT_CONVERSION = YES;
				GCC_WARN_ABOUT_RETURN_TYPE = YES_ERROR;
				GCC_WARN_UNDECLARED_SELECTOR = YES;
				GCC_WARN_UNINITIALIZED_AUTOS = YES_AGGRESSIVE;
				GCC_WARN_UNUSED_FUNCTION = YES;
				GCC_WARN_UNUSED_VARIABLE = YES;
				IPHONEOS_DEPLOYMENT_TARGET = 10.3;
				MTL_ENABLE_DEBUG_INFO = YES;
				ONLY_ACTIVE_ARCH = YES;
				SDKROOT = iphoneos;
			};
			name = Debug;
		};
		F58B8C9D1F6FAA8500C19758 /* Release */ = {
			isa = XCBuildConfiguration;
			buildSettings = {
				ALWAYS_SEARCH_USER_PATHS = NO;
				CLANG_ANALYZER_NONNULL = YES;
				CLANG_ANALYZER_NUMBER_OBJECT_CONVERSION = YES_AGGRESSIVE;
				CLANG_CXX_LANGUAGE_STANDARD = "gnu++0x";
				CLANG_CXX_LIBRARY = "libc++";
				CLANG_ENABLE_MODULES = YES;
				CLANG_ENABLE_OBJC_ARC = YES;
				CLANG_WARN_BOOL_CONVERSION = YES;
				CLANG_WARN_CONSTANT_CONVERSION = YES;
				CLANG_WARN_DIRECT_OBJC_ISA_USAGE = YES_ERROR;
				CLANG_WARN_DOCUMENTATION_COMMENTS = YES;
				CLANG_WARN_EMPTY_BODY = YES;
				CLANG_WARN_ENUM_CONVERSION = YES;
				CLANG_WARN_INFINITE_RECURSION = YES;
				CLANG_WARN_INT_CONVERSION = YES;
				CLANG_WARN_OBJC_ROOT_CLASS = YES_ERROR;
				CLANG_WARN_SUSPICIOUS_MOVE = YES;
				CLANG_WARN_UNREACHABLE_CODE = YES;
				CLANG_WARN__DUPLICATE_METHOD_MATCH = YES;
				"CODE_SIGN_IDENTITY[sdk=iphoneos*]" = "iPhone Developer";
				COPY_PHASE_STRIP = NO;
				DEBUG_INFORMATION_FORMAT = "dwarf-with-dsym";
				ENABLE_NS_ASSERTIONS = NO;
				ENABLE_STRICT_OBJC_MSGSEND = YES;
				GCC_C_LANGUAGE_STANDARD = gnu99;
				GCC_NO_COMMON_BLOCKS = YES;
				GCC_WARN_64_TO_32_BIT_CONVERSION = YES;
				GCC_WARN_ABOUT_RETURN_TYPE = YES_ERROR;
				GCC_WARN_UNDECLARED_SELECTOR = YES;
				GCC_WARN_UNINITIALIZED_AUTOS = YES_AGGRESSIVE;
				GCC_WARN_UNUSED_FUNCTION = YES;
				GCC_WARN_UNUSED_VARIABLE = YES;
				IPHONEOS_DEPLOYMENT_TARGET = 10.3;
				MTL_ENABLE_DEBUG_INFO = NO;
				SDKROOT = iphoneos;
				VALIDATE_PRODUCT = YES;
			};
			name = Release;
		};
		F58B8C9F1F6FAA8500C19758 /* Debug */ = {
			isa = XCBuildConfiguration;
			buildSettings = {
				ASSETCATALOG_COMPILER_APPICON_NAME = AppIcon;
				DEVELOPMENT_TEAM = Q9NEX3YUQC;
				INFOPLIST_FILE = DDButton/Info.plist;
				LD_RUNPATH_SEARCH_PATHS = "$(inherited) @executable_path/Frameworks";
				PRODUCT_BUNDLE_IDENTIFIER = Think.DDButton;
				PRODUCT_NAME = "$(TARGET_NAME)";
			};
			name = Debug;
		};
		F58B8CA01F6FAA8500C19758 /* Release */ = {
			isa = XCBuildConfiguration;
			buildSettings = {
				ASSETCATALOG_COMPILER_APPICON_NAME = AppIcon;
				DEVELOPMENT_TEAM = Q9NEX3YUQC;
				INFOPLIST_FILE = DDButton/Info.plist;
				LD_RUNPATH_SEARCH_PATHS = "$(inherited) @executable_path/Frameworks";
				PRODUCT_BUNDLE_IDENTIFIER = Think.DDButton;
				PRODUCT_NAME = "$(TARGET_NAME)";
			};
			name = Release;
		};
/* End XCBuildConfiguration section */

/* Begin XCConfigurationList section */
		F58B8C821F6FAA8500C19758 /* Build configuration list for PBXProject "DDButton" */ = {
			isa = XCConfigurationList;
			buildConfigurations = (
				F58B8C9C1F6FAA8500C19758 /* Debug */,
				F58B8C9D1F6FAA8500C19758 /* Release */,
			);
			defaultConfigurationIsVisible = 0;
			defaultConfigurationName = Release;
		};
		F58B8C9E1F6FAA8500C19758 /* Build configuration list for PBXNativeTarget "DDButton" */ = {
			isa = XCConfigurationList;
			buildConfigurations = (
				F58B8C9F1F6FAA8500C19758 /* Debug */,
				F58B8CA01F6FAA8500C19758 /* Release */,
			);
			defaultConfigurationIsVisible = 0;
		};
/* End XCConfigurationList section */
	};
	rootObject = F58B8C7F1F6FAA8500C19758 /* Project object */;
}
